
Microsoft Visual Studio Solution File, Format Version 12.00
# Visual Studio Version 17
VisualStudioVersion = 17.3.32929.385
MinimumVisualStudioVersion = 10.0.40219.1
Project("{2150E333-8FDC-42A3-9474-1A3956D46DE8}") = "2016", "2016", "{8DF3507A-1CBD-48F2-8ADC-D7372C2C93E5}"
EndProject
Project("{9A19103F-16F7-4668-BE54-9A1E7A4F7556}") = "day01", "2016\day01\day01.csproj", "{CB76EF66-8C9A-4B21-BC27-1BCEC89B536F}"
EndProject
Project("{9A19103F-16F7-4668-BE54-9A1E7A4F7556}") = "day02", "2016\day02\day02.csproj", "{DAB4F648-58AB-4B45-8221-750687485172}"
EndProject
Project("{9A19103F-16F7-4668-BE54-9A1E7A4F7556}") = "day03", "2016\day03\day03.csproj", "{F3F19F1F-CFE2-4C20-A107-B4A56B082B27}"
EndProject
Project("{9A19103F-16F7-4668-BE54-9A1E7A4F7556}") = "day04", "2016\day04\day04.csproj", "{1A7A7160-D622-48D5-92AE-3AB572070490}"
EndProject
Project("{9A19103F-16F7-4668-BE54-9A1E7A4F7556}") = "day05", "2016\day05\day05.csproj", "{68618CF2-4CB7-44F8-8D76-175BE93A69A5}"
EndProject
Project("{9A19103F-16F7-4668-BE54-9A1E7A4F7556}") = "day06", "2016\day06\day06.csproj", "{8217331A-FE3F-4549-90B5-1806C951ED09}"
EndProject
Project("{9A19103F-16F7-4668-BE54-9A1E7A4F7556}") = "day07", "2016\day07\day07.csproj", "{2F2A093D-8B64-42D1-91C3-C315E0272E77}"
EndProject
Project("{9A19103F-16F7-4668-BE54-9A1E7A4F7556}") = "day08", "2016\day08\day08.csproj", "{A75DB847-C524-4972-B17A-A43774E57930}"
EndProject
Project("{9A19103F-16F7-4668-BE54-9A1E7A4F7556}") = "day09", "2016\day09\day09.csproj", "{A1388BA3-0FC8-4524-992B-CA889F1D129C}"
EndProject
Project("{9A19103F-16F7-4668-BE54-9A1E7A4F7556}") = "day10", "2016\day10\day10.csproj", "{665DD500-BA1B-48E9-8DF1-03EC689DD751}"
EndProject
Project("{9A19103F-16F7-4668-BE54-9A1E7A4F7556}") = "day11", "2016\day11\day11.csproj", "{EAD858D6-0E37-430E-9790-969A6B6BBBC1}"
EndProject
Project("{9A19103F-16F7-4668-BE54-9A1E7A4F7556}") = "day12", "2016\day12\day12.csproj", "{683A89AF-4723-4217-9A22-FFE41D7BC437}"
EndProject
Project("{9A19103F-16F7-4668-BE54-9A1E7A4F7556}") = "day13", "2016\day13\day13.csproj", "{DCF9966E-0B9B-4F5B-B823-88D623B23EC5}"
EndProject
Project("{9A19103F-16F7-4668-BE54-9A1E7A4F7556}") = "day14", "2016\day14\day14.csproj", "{A6E5FE85-3A3F-4494-97DF-C67AE682B91F}"
EndProject
Project("{9A19103F-16F7-4668-BE54-9A1E7A4F7556}") = "day15", "2016\day15\day15.csproj", "{E05125DA-4EDB-4782-946E-390BA8925DB0}"
EndProject
Project("{9A19103F-16F7-4668-BE54-9A1E7A4F7556}") = "day16", "2016\day16\day16.csproj", "{07E49013-E50C-4168-BAAA-D621CD418AD1}"
EndProject
Project("{9A19103F-16F7-4668-BE54-9A1E7A4F7556}") = "day17", "2016\day17\day17.csproj", "{FB785BD6-FB32-400F-A569-D69B92F1A955}"
EndProject
Project("{9A19103F-16F7-4668-BE54-9A1E7A4F7556}") = "day18", "2016\day18\day18.csproj", "{961D8F95-FC19-402C-8873-CB0FDF09047A}"
EndProject
Project("{9A19103F-16F7-4668-BE54-9A1E7A4F7556}") = "day19", "2016\day19\day19.csproj", "{C6238B82-15BC-4E39-BCBC-DF26B4045A8C}"
EndProject
Project("{9A19103F-16F7-4668-BE54-9A1E7A4F7556}") = "day20", "2016\day20\day20.csproj", "{B6C84418-CB8A-4B0B-94DF-6DF7A94DFC2C}"
EndProject
Project("{9A19103F-16F7-4668-BE54-9A1E7A4F7556}") = "day21", "2016\day21\day21.csproj", "{BD7B5F14-D901-40FB-918C-C2CCC27BD090}"
EndProject
Project("{9A19103F-16F7-4668-BE54-9A1E7A4F7556}") = "day22", "2016\day22\day22.csproj", "{BE3CFBB3-BD08-4E6F-BBF7-1B11165C666E}"
EndProject
Project("{9A19103F-16F7-4668-BE54-9A1E7A4F7556}") = "day23", "2016\day23\day23.csproj", "{D62078DC-C8FE-4EB7-8D55-29DC279FCA15}"
EndProject
Project("{FAE04EC0-301F-11D3-BF4B-00C04F79EFBC}") = "day24", "2016\day24\day24.csproj", "{785D4BC8-117B-4322-BD03-2C757DBB6FF5}"
EndProject
Project("{FAE04EC0-301F-11D3-BF4B-00C04F79EFBC}") = "day25", "2016\day25\day25.csproj", "{43A40F2F-00EF-4508-AA9D-A37AA0745F07}"
EndProject
Project("{2150E333-8FDC-42A3-9474-1A3956D46DE8}") = "2015", "2015", "{4F12F5B9-24E2-47F5-B741-5EFA9D58F6BF}"
EndProject
Project("{FAE04EC0-301F-11D3-BF4B-00C04F79EFBC}") = "day01", "2015\day01\day01.csproj", "{B3EA589D-DF9A-4DA7-BDB9-EABABC1148B5}"
EndProject
Project("{FAE04EC0-301F-11D3-BF4B-00C04F79EFBC}") = "day02", "2015\day02\day02.csproj", "{32D11728-344F-499B-A611-8B1AA1325153}"
EndProject
Project("{FAE04EC0-301F-11D3-BF4B-00C04F79EFBC}") = "day03", "2015\day03\day03.csproj", "{30A47474-EA89-4F39-9AA3-6696459372C0}"
EndProject
Project("{FAE04EC0-301F-11D3-BF4B-00C04F79EFBC}") = "day04", "2015\day04\day04.csproj", "{933D269B-9E9C-46B0-92A2-2C41BC0CFF96}"
EndProject
Project("{FAE04EC0-301F-11D3-BF4B-00C04F79EFBC}") = "day05", "2015\day05\day05.csproj", "{1D6AA304-18EE-415E-9A9D-0077CC8A2F43}"
EndProject
Global
	GlobalSection(SolutionConfigurationPlatforms) = preSolution
		Debug|Any CPU = Debug|Any CPU
		Release|Any CPU = Release|Any CPU
	EndGlobalSection
	GlobalSection(ProjectConfigurationPlatforms) = postSolution
		{CB76EF66-8C9A-4B21-BC27-1BCEC89B536F}.Debug|Any CPU.ActiveCfg = Debug|Any CPU
		{CB76EF66-8C9A-4B21-BC27-1BCEC89B536F}.Debug|Any CPU.Build.0 = Debug|Any CPU
		{CB76EF66-8C9A-4B21-BC27-1BCEC89B536F}.Release|Any CPU.ActiveCfg = Release|Any CPU
		{CB76EF66-8C9A-4B21-BC27-1BCEC89B536F}.Release|Any CPU.Build.0 = Release|Any CPU
		{DAB4F648-58AB-4B45-8221-750687485172}.Debug|Any CPU.ActiveCfg = Debug|Any CPU
		{DAB4F648-58AB-4B45-8221-750687485172}.Debug|Any CPU.Build.0 = Debug|Any CPU
		{DAB4F648-58AB-4B45-8221-750687485172}.Release|Any CPU.ActiveCfg = Release|Any CPU
		{DAB4F648-58AB-4B45-8221-750687485172}.Release|Any CPU.Build.0 = Release|Any CPU
		{F3F19F1F-CFE2-4C20-A107-B4A56B082B27}.Debug|Any CPU.ActiveCfg = Debug|Any CPU
		{F3F19F1F-CFE2-4C20-A107-B4A56B082B27}.Debug|Any CPU.Build.0 = Debug|Any CPU
		{F3F19F1F-CFE2-4C20-A107-B4A56B082B27}.Release|Any CPU.ActiveCfg = Release|Any CPU
		{F3F19F1F-CFE2-4C20-A107-B4A56B082B27}.Release|Any CPU.Build.0 = Release|Any CPU
		{1A7A7160-D622-48D5-92AE-3AB572070490}.Debug|Any CPU.ActiveCfg = Debug|Any CPU
		{1A7A7160-D622-48D5-92AE-3AB572070490}.Debug|Any CPU.Build.0 = Debug|Any CPU
		{1A7A7160-D622-48D5-92AE-3AB572070490}.Release|Any CPU.ActiveCfg = Release|Any CPU
		{1A7A7160-D622-48D5-92AE-3AB572070490}.Release|Any CPU.Build.0 = Release|Any CPU
		{68618CF2-4CB7-44F8-8D76-175BE93A69A5}.Debug|Any CPU.ActiveCfg = Debug|Any CPU
		{68618CF2-4CB7-44F8-8D76-175BE93A69A5}.Debug|Any CPU.Build.0 = Debug|Any CPU
		{68618CF2-4CB7-44F8-8D76-175BE93A69A5}.Release|Any CPU.ActiveCfg = Release|Any CPU
		{68618CF2-4CB7-44F8-8D76-175BE93A69A5}.Release|Any CPU.Build.0 = Release|Any CPU
		{8217331A-FE3F-4549-90B5-1806C951ED09}.Debug|Any CPU.ActiveCfg = Debug|Any CPU
		{8217331A-FE3F-4549-90B5-1806C951ED09}.Debug|Any CPU.Build.0 = Debug|Any CPU
		{8217331A-FE3F-4549-90B5-1806C951ED09}.Release|Any CPU.ActiveCfg = Release|Any CPU
		{8217331A-FE3F-4549-90B5-1806C951ED09}.Release|Any CPU.Build.0 = Release|Any CPU
		{2F2A093D-8B64-42D1-91C3-C315E0272E77}.Debug|Any CPU.ActiveCfg = Debug|Any CPU
		{2F2A093D-8B64-42D1-91C3-C315E0272E77}.Debug|Any CPU.Build.0 = Debug|Any CPU
		{2F2A093D-8B64-42D1-91C3-C315E0272E77}.Release|Any CPU.ActiveCfg = Release|Any CPU
		{2F2A093D-8B64-42D1-91C3-C315E0272E77}.Release|Any CPU.Build.0 = Release|Any CPU
		{A75DB847-C524-4972-B17A-A43774E57930}.Debug|Any CPU.ActiveCfg = Debug|Any CPU
		{A75DB847-C524-4972-B17A-A43774E57930}.Debug|Any CPU.Build.0 = Debug|Any CPU
		{A75DB847-C524-4972-B17A-A43774E57930}.Release|Any CPU.ActiveCfg = Release|Any CPU
		{A75DB847-C524-4972-B17A-A43774E57930}.Release|Any CPU.Build.0 = Release|Any CPU
		{A1388BA3-0FC8-4524-992B-CA889F1D129C}.Debug|Any CPU.ActiveCfg = Debug|Any CPU
		{A1388BA3-0FC8-4524-992B-CA889F1D129C}.Debug|Any CPU.Build.0 = Debug|Any CPU
		{A1388BA3-0FC8-4524-992B-CA889F1D129C}.Release|Any CPU.ActiveCfg = Release|Any CPU
		{A1388BA3-0FC8-4524-992B-CA889F1D129C}.Release|Any CPU.Build.0 = Release|Any CPU
		{665DD500-BA1B-48E9-8DF1-03EC689DD751}.Debug|Any CPU.ActiveCfg = Debug|Any CPU
		{665DD500-BA1B-48E9-8DF1-03EC689DD751}.Debug|Any CPU.Build.0 = Debug|Any CPU
		{665DD500-BA1B-48E9-8DF1-03EC689DD751}.Release|Any CPU.ActiveCfg = Release|Any CPU
		{665DD500-BA1B-48E9-8DF1-03EC689DD751}.Release|Any CPU.Build.0 = Release|Any CPU
		{EAD858D6-0E37-430E-9790-969A6B6BBBC1}.Debug|Any CPU.ActiveCfg = Debug|Any CPU
		{EAD858D6-0E37-430E-9790-969A6B6BBBC1}.Debug|Any CPU.Build.0 = Debug|Any CPU
		{EAD858D6-0E37-430E-9790-969A6B6BBBC1}.Release|Any CPU.ActiveCfg = Release|Any CPU
		{EAD858D6-0E37-430E-9790-969A6B6BBBC1}.Release|Any CPU.Build.0 = Release|Any CPU
		{683A89AF-4723-4217-9A22-FFE41D7BC437}.Debug|Any CPU.ActiveCfg = Debug|Any CPU
		{683A89AF-4723-4217-9A22-FFE41D7BC437}.Debug|Any CPU.Build.0 = Debug|Any CPU
		{683A89AF-4723-4217-9A22-FFE41D7BC437}.Release|Any CPU.ActiveCfg = Release|Any CPU
		{683A89AF-4723-4217-9A22-FFE41D7BC437}.Release|Any CPU.Build.0 = Release|Any CPU
		{DCF9966E-0B9B-4F5B-B823-88D623B23EC5}.Debug|Any CPU.ActiveCfg = Debug|Any CPU
		{DCF9966E-0B9B-4F5B-B823-88D623B23EC5}.Debug|Any CPU.Build.0 = Debug|Any CPU
		{DCF9966E-0B9B-4F5B-B823-88D623B23EC5}.Release|Any CPU.ActiveCfg = Release|Any CPU
		{DCF9966E-0B9B-4F5B-B823-88D623B23EC5}.Release|Any CPU.Build.0 = Release|Any CPU
		{A6E5FE85-3A3F-4494-97DF-C67AE682B91F}.Debug|Any CPU.ActiveCfg = Debug|Any CPU
		{A6E5FE85-3A3F-4494-97DF-C67AE682B91F}.Debug|Any CPU.Build.0 = Debug|Any CPU
		{A6E5FE85-3A3F-4494-97DF-C67AE682B91F}.Release|Any CPU.ActiveCfg = Release|Any CPU
		{A6E5FE85-3A3F-4494-97DF-C67AE682B91F}.Release|Any CPU.Build.0 = Release|Any CPU
		{E05125DA-4EDB-4782-946E-390BA8925DB0}.Debug|Any CPU.ActiveCfg = Debug|Any CPU
		{E05125DA-4EDB-4782-946E-390BA8925DB0}.Debug|Any CPU.Build.0 = Debug|Any CPU
		{E05125DA-4EDB-4782-946E-390BA8925DB0}.Release|Any CPU.ActiveCfg = Release|Any CPU
		{E05125DA-4EDB-4782-946E-390BA8925DB0}.Release|Any CPU.Build.0 = Release|Any CPU
		{07E49013-E50C-4168-BAAA-D621CD418AD1}.Debug|Any CPU.ActiveCfg = Debug|Any CPU
		{07E49013-E50C-4168-BAAA-D621CD418AD1}.Debug|Any CPU.Build.0 = Debug|Any CPU
		{07E49013-E50C-4168-BAAA-D621CD418AD1}.Release|Any CPU.ActiveCfg = Release|Any CPU
		{07E49013-E50C-4168-BAAA-D621CD418AD1}.Release|Any CPU.Build.0 = Release|Any CPU
		{FB785BD6-FB32-400F-A569-D69B92F1A955}.Debug|Any CPU.ActiveCfg = Debug|Any CPU
		{FB785BD6-FB32-400F-A569-D69B92F1A955}.Debug|Any CPU.Build.0 = Debug|Any CPU
		{FB785BD6-FB32-400F-A569-D69B92F1A955}.Release|Any CPU.ActiveCfg = Release|Any CPU
		{FB785BD6-FB32-400F-A569-D69B92F1A955}.Release|Any CPU.Build.0 = Release|Any CPU
		{961D8F95-FC19-402C-8873-CB0FDF09047A}.Debug|Any CPU.ActiveCfg = Debug|Any CPU
		{961D8F95-FC19-402C-8873-CB0FDF09047A}.Debug|Any CPU.Build.0 = Debug|Any CPU
		{961D8F95-FC19-402C-8873-CB0FDF09047A}.Release|Any CPU.ActiveCfg = Release|Any CPU
		{961D8F95-FC19-402C-8873-CB0FDF09047A}.Release|Any CPU.Build.0 = Release|Any CPU
		{C6238B82-15BC-4E39-BCBC-DF26B4045A8C}.Debug|Any CPU.ActiveCfg = Debug|Any CPU
		{C6238B82-15BC-4E39-BCBC-DF26B4045A8C}.Debug|Any CPU.Build.0 = Debug|Any CPU
		{C6238B82-15BC-4E39-BCBC-DF26B4045A8C}.Release|Any CPU.ActiveCfg = Release|Any CPU
		{C6238B82-15BC-4E39-BCBC-DF26B4045A8C}.Release|Any CPU.Build.0 = Release|Any CPU
		{B6C84418-CB8A-4B0B-94DF-6DF7A94DFC2C}.Debug|Any CPU.ActiveCfg = Debug|Any CPU
		{B6C84418-CB8A-4B0B-94DF-6DF7A94DFC2C}.Debug|Any CPU.Build.0 = Debug|Any CPU
		{B6C84418-CB8A-4B0B-94DF-6DF7A94DFC2C}.Release|Any CPU.ActiveCfg = Release|Any CPU
		{B6C84418-CB8A-4B0B-94DF-6DF7A94DFC2C}.Release|Any CPU.Build.0 = Release|Any CPU
		{BD7B5F14-D901-40FB-918C-C2CCC27BD090}.Debug|Any CPU.ActiveCfg = Debug|Any CPU
		{BD7B5F14-D901-40FB-918C-C2CCC27BD090}.Debug|Any CPU.Build.0 = Debug|Any CPU
		{BD7B5F14-D901-40FB-918C-C2CCC27BD090}.Release|Any CPU.ActiveCfg = Release|Any CPU
		{BD7B5F14-D901-40FB-918C-C2CCC27BD090}.Release|Any CPU.Build.0 = Release|Any CPU
		{BE3CFBB3-BD08-4E6F-BBF7-1B11165C666E}.Debug|Any CPU.ActiveCfg = Debug|Any CPU
		{BE3CFBB3-BD08-4E6F-BBF7-1B11165C666E}.Debug|Any CPU.Build.0 = Debug|Any CPU
		{BE3CFBB3-BD08-4E6F-BBF7-1B11165C666E}.Release|Any CPU.ActiveCfg = Release|Any CPU
		{BE3CFBB3-BD08-4E6F-BBF7-1B11165C666E}.Release|Any CPU.Build.0 = Release|Any CPU
		{D62078DC-C8FE-4EB7-8D55-29DC279FCA15}.Debug|Any CPU.ActiveCfg = Debug|Any CPU
		{D62078DC-C8FE-4EB7-8D55-29DC279FCA15}.Debug|Any CPU.Build.0 = Debug|Any CPU
		{D62078DC-C8FE-4EB7-8D55-29DC279FCA15}.Release|Any CPU.ActiveCfg = Release|Any CPU
		{D62078DC-C8FE-4EB7-8D55-29DC279FCA15}.Release|Any CPU.Build.0 = Release|Any CPU
		{785D4BC8-117B-4322-BD03-2C757DBB6FF5}.Debug|Any CPU.ActiveCfg = Debug|Any CPU
		{785D4BC8-117B-4322-BD03-2C757DBB6FF5}.Debug|Any CPU.Build.0 = Debug|Any CPU
		{785D4BC8-117B-4322-BD03-2C757DBB6FF5}.Release|Any CPU.ActiveCfg = Release|Any CPU
		{785D4BC8-117B-4322-BD03-2C757DBB6FF5}.Release|Any CPU.Build.0 = Release|Any CPU
		{43A40F2F-00EF-4508-AA9D-A37AA0745F07}.Debug|Any CPU.ActiveCfg = Debug|Any CPU
		{43A40F2F-00EF-4508-AA9D-A37AA0745F07}.Debug|Any CPU.Build.0 = Debug|Any CPU
		{43A40F2F-00EF-4508-AA9D-A37AA0745F07}.Release|Any CPU.ActiveCfg = Release|Any CPU
		{43A40F2F-00EF-4508-AA9D-A37AA0745F07}.Release|Any CPU.Build.0 = Release|Any CPU
		{B3EA589D-DF9A-4DA7-BDB9-EABABC1148B5}.Debug|Any CPU.ActiveCfg = Debug|Any CPU
		{B3EA589D-DF9A-4DA7-BDB9-EABABC1148B5}.Debug|Any CPU.Build.0 = Debug|Any CPU
		{B3EA589D-DF9A-4DA7-BDB9-EABABC1148B5}.Release|Any CPU.ActiveCfg = Release|Any CPU
		{B3EA589D-DF9A-4DA7-BDB9-EABABC1148B5}.Release|Any CPU.Build.0 = Release|Any CPU
		{32D11728-344F-499B-A611-8B1AA1325153}.Debug|Any CPU.ActiveCfg = Debug|Any CPU
		{32D11728-344F-499B-A611-8B1AA1325153}.Debug|Any CPU.Build.0 = Debug|Any CPU
		{32D11728-344F-499B-A611-8B1AA1325153}.Release|Any CPU.ActiveCfg = Release|Any CPU
		{32D11728-344F-499B-A611-8B1AA1325153}.Release|Any CPU.Build.0 = Release|Any CPU
		{30A47474-EA89-4F39-9AA3-6696459372C0}.Debug|Any CPU.ActiveCfg = Debug|Any CPU
		{30A47474-EA89-4F39-9AA3-6696459372C0}.Debug|Any CPU.Build.0 = Debug|Any CPU
		{30A47474-EA89-4F39-9AA3-6696459372C0}.Release|Any CPU.ActiveCfg = Release|Any CPU
		{30A47474-EA89-4F39-9AA3-6696459372C0}.Release|Any CPU.Build.0 = Release|Any CPU
		{933D269B-9E9C-46B0-92A2-2C41BC0CFF96}.Debug|Any CPU.ActiveCfg = Debug|Any CPU
		{933D269B-9E9C-46B0-92A2-2C41BC0CFF96}.Debug|Any CPU.Build.0 = Debug|Any CPU
		{933D269B-9E9C-46B0-92A2-2C41BC0CFF96}.Release|Any CPU.ActiveCfg = Release|Any CPU
		{933D269B-9E9C-46B0-92A2-2C41BC0CFF96}.Release|Any CPU.Build.0 = Release|Any CPU
		{1D6AA304-18EE-415E-9A9D-0077CC8A2F43}.Debug|Any CPU.ActiveCfg = Debug|Any CPU
		{1D6AA304-18EE-415E-9A9D-0077CC8A2F43}.Debug|Any CPU.Build.0 = Debug|Any CPU
		{1D6AA304-18EE-415E-9A9D-0077CC8A2F43}.Release|Any CPU.ActiveCfg = Release|Any CPU
		{1D6AA304-18EE-415E-9A9D-0077CC8A2F43}.Release|Any CPU.Build.0 = Release|Any CPU
	EndGlobalSection
	GlobalSection(SolutionProperties) = preSolution
		HideSolutionNode = FALSE
	EndGlobalSection
	GlobalSection(NestedProjects) = preSolution
		{CB76EF66-8C9A-4B21-BC27-1BCEC89B536F} = {8DF3507A-1CBD-48F2-8ADC-D7372C2C93E5}
		{DAB4F648-58AB-4B45-8221-750687485172} = {8DF3507A-1CBD-48F2-8ADC-D7372C2C93E5}
		{F3F19F1F-CFE2-4C20-A107-B4A56B082B27} = {8DF3507A-1CBD-48F2-8ADC-D7372C2C93E5}
		{1A7A7160-D622-48D5-92AE-3AB572070490} = {8DF3507A-1CBD-48F2-8ADC-D7372C2C93E5}
		{68618CF2-4CB7-44F8-8D76-175BE93A69A5} = {8DF3507A-1CBD-48F2-8ADC-D7372C2C93E5}
		{8217331A-FE3F-4549-90B5-1806C951ED09} = {8DF3507A-1CBD-48F2-8ADC-D7372C2C93E5}
		{2F2A093D-8B64-42D1-91C3-C315E0272E77} = {8DF3507A-1CBD-48F2-8ADC-D7372C2C93E5}
		{A75DB847-C524-4972-B17A-A43774E57930} = {8DF3507A-1CBD-48F2-8ADC-D7372C2C93E5}
		{A1388BA3-0FC8-4524-992B-CA889F1D129C} = {8DF3507A-1CBD-48F2-8ADC-D7372C2C93E5}
		{665DD500-BA1B-48E9-8DF1-03EC689DD751} = {8DF3507A-1CBD-48F2-8ADC-D7372C2C93E5}
		{EAD858D6-0E37-430E-9790-969A6B6BBBC1} = {8DF3507A-1CBD-48F2-8ADC-D7372C2C93E5}
		{683A89AF-4723-4217-9A22-FFE41D7BC437} = {8DF3507A-1CBD-48F2-8ADC-D7372C2C93E5}
		{DCF9966E-0B9B-4F5B-B823-88D623B23EC5} = {8DF3507A-1CBD-48F2-8ADC-D7372C2C93E5}
		{A6E5FE85-3A3F-4494-97DF-C67AE682B91F} = {8DF3507A-1CBD-48F2-8ADC-D7372C2C93E5}
		{E05125DA-4EDB-4782-946E-390BA8925DB0} = {8DF3507A-1CBD-48F2-8ADC-D7372C2C93E5}
		{07E49013-E50C-4168-BAAA-D621CD418AD1} = {8DF3507A-1CBD-48F2-8ADC-D7372C2C93E5}
		{FB785BD6-FB32-400F-A569-D69B92F1A955} = {8DF3507A-1CBD-48F2-8ADC-D7372C2C93E5}
		{961D8F95-FC19-402C-8873-CB0FDF09047A} = {8DF3507A-1CBD-48F2-8ADC-D7372C2C93E5}
		{C6238B82-15BC-4E39-BCBC-DF26B4045A8C} = {8DF3507A-1CBD-48F2-8ADC-D7372C2C93E5}
		{B6C84418-CB8A-4B0B-94DF-6DF7A94DFC2C} = {8DF3507A-1CBD-48F2-8ADC-D7372C2C93E5}
		{BD7B5F14-D901-40FB-918C-C2CCC27BD090} = {8DF3507A-1CBD-48F2-8ADC-D7372C2C93E5}
		{BE3CFBB3-BD08-4E6F-BBF7-1B11165C666E} = {8DF3507A-1CBD-48F2-8ADC-D7372C2C93E5}
		{D62078DC-C8FE-4EB7-8D55-29DC279FCA15} = {8DF3507A-1CBD-48F2-8ADC-D7372C2C93E5}
		{785D4BC8-117B-4322-BD03-2C757DBB6FF5} = {8DF3507A-1CBD-48F2-8ADC-D7372C2C93E5}
		{43A40F2F-00EF-4508-AA9D-A37AA0745F07} = {8DF3507A-1CBD-48F2-8ADC-D7372C2C93E5}
		{B3EA589D-DF9A-4DA7-BDB9-EABABC1148B5} = {4F12F5B9-24E2-47F5-B741-5EFA9D58F6BF}
		{32D11728-344F-499B-A611-8B1AA1325153} = {4F12F5B9-24E2-47F5-B741-5EFA9D58F6BF}
		{30A47474-EA89-4F39-9AA3-6696459372C0} = {4F12F5B9-24E2-47F5-B741-5EFA9D58F6BF}
		{933D269B-9E9C-46B0-92A2-2C41BC0CFF96} = {4F12F5B9-24E2-47F5-B741-5EFA9D58F6BF}
		{1D6AA304-18EE-415E-9A9D-0077CC8A2F43} = {4F12F5B9-24E2-47F5-B741-5EFA9D58F6BF}
	EndGlobalSection
	GlobalSection(ExtensibilityGlobals) = postSolution
		SolutionGuid = {9271478C-28FB-4FC0-B9FB-94A72AE0AE1B}
	EndGlobalSection
EndGlobal
