
Microsoft Visual Studio Solution File, Format Version 12.00
# Visual Studio Version 17
VisualStudioVersion = 17.3.32929.385
MinimumVisualStudioVersion = 10.0.40219.1
Project("{2150E333-8FDC-42A3-9474-1A3956D46DE8}") = "2016", "2016", "{8DF3507A-1CBD-48F2-8ADC-D7372C2C93E5}"
EndProject
Project("{FAE04EC0-301F-11D3-BF4B-00C04F79EFBC}") = "day01", "2016\day01\day01.csproj", "{CB76EF66-8C9A-4B21-BC27-1BCEC89B536F}"
EndProject
Project("{FAE04EC0-301F-11D3-BF4B-00C04F79EFBC}") = "day02", "2016\day02\day02.csproj", "{DAB4F648-58AB-4B45-8221-750687485172}"
EndProject
Project("{FAE04EC0-301F-11D3-BF4B-00C04F79EFBC}") = "day03", "2016\day03\day03.csproj", "{F3F19F1F-CFE2-4C20-A107-B4A56B082B27}"
EndProject
Project("{FAE04EC0-301F-11D3-BF4B-00C04F79EFBC}") = "day04", "2016\day04\day04.csproj", "{1A7A7160-D622-48D5-92AE-3AB572070490}"
EndProject
Project("{FAE04EC0-301F-11D3-BF4B-00C04F79EFBC}") = "day05", "2016\day05\day05.csproj", "{68618CF2-4CB7-44F8-8D76-175BE93A69A5}"
EndProject
Project("{FAE04EC0-301F-11D3-BF4B-00C04F79EFBC}") = "day06", "2016\day06\day06.csproj", "{8217331A-FE3F-4549-90B5-1806C951ED09}"
EndProject
Project("{FAE04EC0-301F-11D3-BF4B-00C04F79EFBC}") = "day07", "2016\day07\day07.csproj", "{2F2A093D-8B64-42D1-91C3-C315E0272E77}"
EndProject
Project("{FAE04EC0-301F-11D3-BF4B-00C04F79EFBC}") = "day08", "2016\day08\day08.csproj", "{A75DB847-C524-4972-B17A-A43774E57930}"
EndProject
Global
	GlobalSection(SolutionConfigurationPlatforms) = preSolution
		Debug|Any CPU = Debug|Any CPU
		Release|Any CPU = Release|Any CPU
	EndGlobalSection
	GlobalSection(ProjectConfigurationPlatforms) = postSolution
		{CB76EF66-8C9A-4B21-BC27-1BCEC89B536F}.Debug|Any CPU.ActiveCfg = Debug|Any CPU
		{CB76EF66-8C9A-4B21-BC27-1BCEC89B536F}.Debug|Any CPU.Build.0 = Debug|Any CPU
		{CB76EF66-8C9A-4B21-BC27-1BCEC89B536F}.Release|Any CPU.ActiveCfg = Release|Any CPU
		{CB76EF66-8C9A-4B21-BC27-1BCEC89B536F}.Release|Any CPU.Build.0 = Release|Any CPU
		{DAB4F648-58AB-4B45-8221-750687485172}.Debug|Any CPU.ActiveCfg = Debug|Any CPU
		{DAB4F648-58AB-4B45-8221-750687485172}.Debug|Any CPU.Build.0 = Debug|Any CPU
		{DAB4F648-58AB-4B45-8221-750687485172}.Release|Any CPU.ActiveCfg = Release|Any CPU
		{DAB4F648-58AB-4B45-8221-750687485172}.Release|Any CPU.Build.0 = Release|Any CPU
		{F3F19F1F-CFE2-4C20-A107-B4A56B082B27}.Debug|Any CPU.ActiveCfg = Debug|Any CPU
		{F3F19F1F-CFE2-4C20-A107-B4A56B082B27}.Debug|Any CPU.Build.0 = Debug|Any CPU
		{F3F19F1F-CFE2-4C20-A107-B4A56B082B27}.Release|Any CPU.ActiveCfg = Release|Any CPU
		{F3F19F1F-CFE2-4C20-A107-B4A56B082B27}.Release|Any CPU.Build.0 = Release|Any CPU
		{1A7A7160-D622-48D5-92AE-3AB572070490}.Debug|Any CPU.ActiveCfg = Debug|Any CPU
		{1A7A7160-D622-48D5-92AE-3AB572070490}.Debug|Any CPU.Build.0 = Debug|Any CPU
		{1A7A7160-D622-48D5-92AE-3AB572070490}.Release|Any CPU.ActiveCfg = Release|Any CPU
		{1A7A7160-D622-48D5-92AE-3AB572070490}.Release|Any CPU.Build.0 = Release|Any CPU
		{68618CF2-4CB7-44F8-8D76-175BE93A69A5}.Debug|Any CPU.ActiveCfg = Debug|Any CPU
		{68618CF2-4CB7-44F8-8D76-175BE93A69A5}.Debug|Any CPU.Build.0 = Debug|Any CPU
		{68618CF2-4CB7-44F8-8D76-175BE93A69A5}.Release|Any CPU.ActiveCfg = Release|Any CPU
		{68618CF2-4CB7-44F8-8D76-175BE93A69A5}.Release|Any CPU.Build.0 = Release|Any CPU
		{8217331A-FE3F-4549-90B5-1806C951ED09}.Debug|Any CPU.ActiveCfg = Debug|Any CPU
		{8217331A-FE3F-4549-90B5-1806C951ED09}.Debug|Any CPU.Build.0 = Debug|Any CPU
		{8217331A-FE3F-4549-90B5-1806C951ED09}.Release|Any CPU.ActiveCfg = Release|Any CPU
		{8217331A-FE3F-4549-90B5-1806C951ED09}.Release|Any CPU.Build.0 = Release|Any CPU
		{2F2A093D-8B64-42D1-91C3-C315E0272E77}.Debug|Any CPU.ActiveCfg = Debug|Any CPU
		{2F2A093D-8B64-42D1-91C3-C315E0272E77}.Debug|Any CPU.Build.0 = Debug|Any CPU
		{2F2A093D-8B64-42D1-91C3-C315E0272E77}.Release|Any CPU.ActiveCfg = Release|Any CPU
		{2F2A093D-8B64-42D1-91C3-C315E0272E77}.Release|Any CPU.Build.0 = Release|Any CPU
		{A75DB847-C524-4972-B17A-A43774E57930}.Debug|Any CPU.ActiveCfg = Debug|Any CPU
		{A75DB847-C524-4972-B17A-A43774E57930}.Debug|Any CPU.Build.0 = Debug|Any CPU
		{A75DB847-C524-4972-B17A-A43774E57930}.Release|Any CPU.ActiveCfg = Release|Any CPU
		{A75DB847-C524-4972-B17A-A43774E57930}.Release|Any CPU.Build.0 = Release|Any CPU
	EndGlobalSection
	GlobalSection(SolutionProperties) = preSolution
		HideSolutionNode = FALSE
	EndGlobalSection
	GlobalSection(NestedProjects) = preSolution
		{CB76EF66-8C9A-4B21-BC27-1BCEC89B536F} = {8DF3507A-1CBD-48F2-8ADC-D7372C2C93E5}
		{DAB4F648-58AB-4B45-8221-750687485172} = {8DF3507A-1CBD-48F2-8ADC-D7372C2C93E5}
		{F3F19F1F-CFE2-4C20-A107-B4A56B082B27} = {8DF3507A-1CBD-48F2-8ADC-D7372C2C93E5}
		{1A7A7160-D622-48D5-92AE-3AB572070490} = {8DF3507A-1CBD-48F2-8ADC-D7372C2C93E5}
		{68618CF2-4CB7-44F8-8D76-175BE93A69A5} = {8DF3507A-1CBD-48F2-8ADC-D7372C2C93E5}
		{8217331A-FE3F-4549-90B5-1806C951ED09} = {8DF3507A-1CBD-48F2-8ADC-D7372C2C93E5}
		{2F2A093D-8B64-42D1-91C3-C315E0272E77} = {8DF3507A-1CBD-48F2-8ADC-D7372C2C93E5}
		{A75DB847-C524-4972-B17A-A43774E57930} = {8DF3507A-1CBD-48F2-8ADC-D7372C2C93E5}
	EndGlobalSection
	GlobalSection(ExtensibilityGlobals) = postSolution
		SolutionGuid = {9271478C-28FB-4FC0-B9FB-94A72AE0AE1B}
	EndGlobalSection
EndGlobal
