# This file is automatically @generated by Cargo.
# It is not intended for manual editing.
version = 4

[[package]]
name = "ahash"
version = "0.7.8"
source = "registry+https://github.com/rust-lang/crates.io-index"
checksum = "891477e0c6a8957309ee5c45a6368af3ae14bb510732d2684ffa19af310920f9"
dependencies = [
 "getrandom",
 "once_cell",
 "version_check",
]

[[package]]
name = "ahash"
version = "0.8.12"
source = "registry+https://github.com/rust-lang/crates.io-index"
checksum = "5a15f179cd60c4584b8a8c596927aadc462e27f2ca70c04e0071964a73ba7a75"
dependencies = [
 "cfg-if",
 "once_cell",
 "version_check",
 "zerocopy",
]

[[package]]
name = "aho-corasick"
version = "1.1.4"
source = "registry+https://github.com/rust-lang/crates.io-index"
checksum = "ddd31a130427c27518df266943a5308ed92d4b226cc639f5a8f1002816174301"
dependencies = [
 "memchr",
]

[[package]]
name = "allocator-api2"
version = "0.2.21"
source = "registry+https://github.com/rust-lang/crates.io-index"
checksum = "683d7910e743518b0e34f1186f92494becacb047c7b6bf616c96772180fef923"

[[package]]
name = "approx"
version = "0.5.1"
source = "registry+https://github.com/rust-lang/crates.io-index"
checksum = "cab112f0a86d568ea0e627cc1d6be74a1e9cd55214684db5561995f6dad897c6"
dependencies = [
 "num-traits",
]

[[package]]
name = "async-mutex"
version = "1.4.1"
source = "registry+https://github.com/rust-lang/crates.io-index"
checksum = "73112ce9e1059d8604242af62c7ec8e5975ac58ac251686c8403b45e8a6fe778"
dependencies = [
 "event-listener",
]

[[package]]
name = "async-rwlock"
version = "1.3.1"
source = "registry+https://github.com/rust-lang/crates.io-index"
checksum = "769d0d7efd6ca1be6f7aaab8d4948947ddcf33586c98215a8e4ac541e15a4dc5"
dependencies = [
 "async-mutex",
 "event-listener",
]

[[package]]
name = "async-trait"
version = "0.1.89"
source = "registry+https://github.com/rust-lang/crates.io-index"
checksum = "9035ad2d096bed7955a320ee7e2230574d28fd3c3a0f186cbea1ff3c7eed5dbb"
dependencies = [
 "proc-macro2",
 "quote",
 "syn 2.0.111",
]

[[package]]
name = "autocfg"
version = "1.5.0"
source = "registry+https://github.com/rust-lang/crates.io-index"
checksum = "c08606f8c3cbf4ce6ec8e28fb0014a2c086708fe954eaa885384a6165172e7e8"

[[package]]
name = "bindgen"
version = "0.71.1"
source = "registry+https://github.com/rust-lang/crates.io-index"
checksum = "5f58bf3d7db68cfbac37cfc485a8d711e87e064c3d0fe0435b92f7a407f9d6b3"
dependencies = [
 "bitflags",
 "cexpr",
 "clang-sys",
 "itertools 0.13.0",
 "log",
 "prettyplease",
 "proc-macro2",
 "quote",
 "regex",
 "rustc-hash",
 "shlex",
 "syn 2.0.111",
]

[[package]]
name = "bitflags"
version = "2.10.0"
source = "registry+https://github.com/rust-lang/crates.io-index"
checksum = "812e12b5285cc515a9c72a5c1d3b6d46a19dac5acfef5265968c166106e31dd3"

[[package]]
name = "bumpalo"
version = "3.19.0"
source = "registry+https://github.com/rust-lang/crates.io-index"
checksum = "46c5e41b57b8bba42a04676d81cb89e9ee8e859a1a66f80a5a72e1cb76b34d43"

[[package]]
name = "bytemuck"
version = "1.24.0"
source = "registry+https://github.com/rust-lang/crates.io-index"
checksum = "1fbdf580320f38b612e485521afda1ee26d10cc9884efaaa750d383e13e3c5f4"

[[package]]
name = "cached"
version = "0.26.2"
source = "registry+https://github.com/rust-lang/crates.io-index"
checksum = "c2bc2fd249a24a9cdd4276f3a3e0461713271ab63b0e9e656e200e8e21c8c927"
dependencies = [
 "async-mutex",
 "async-rwlock",
 "async-trait",
 "cached_proc_macro 0.7.1",
 "cached_proc_macro_types",
 "futures",
 "hashbrown 0.11.2",
 "once_cell",
]

[[package]]
name = "cached"
version = "0.54.0"
source = "registry+https://github.com/rust-lang/crates.io-index"
checksum = "9718806c4a2fe9e8a56fd736f97b340dd10ed1be8ed733ed50449f351dc33cae"
dependencies = [
 "ahash 0.8.12",
 "cached_proc_macro 0.23.0",
 "cached_proc_macro_types",
 "hashbrown 0.14.5",
 "once_cell",
 "thiserror",
 "web-time",
]

[[package]]
name = "cached_proc_macro"
version = "0.7.1"
source = "registry+https://github.com/rust-lang/crates.io-index"
checksum = "ac3531903b39df48a378a7ed515baee7c1fff32488489c7d0725eb1749b22a91"
dependencies = [
 "cached_proc_macro_types",
 "darling 0.13.4",
 "quote",
 "syn 1.0.109",
]

[[package]]
name = "cached_proc_macro"
version = "0.23.0"
source = "registry+https://github.com/rust-lang/crates.io-index"
checksum = "2f42a145ed2d10dce2191e1dcf30cfccfea9026660e143662ba5eec4017d5daa"
dependencies = [
 "darling 0.20.11",
 "proc-macro2",
 "quote",
 "syn 2.0.111",
]

[[package]]
name = "cached_proc_macro_types"
version = "0.1.1"
source = "registry+https://github.com/rust-lang/crates.io-index"
checksum = "ade8366b8bd5ba243f0a58f036cc0ca8a2f069cff1a2351ef1cac6b083e16fc0"

[[package]]
name = "cc"
version = "1.2.49"
source = "registry+https://github.com/rust-lang/crates.io-index"
checksum = "90583009037521a116abf44494efecd645ba48b6622457080f080b85544e2215"
dependencies = [
 "find-msvc-tools",
 "shlex",
]

[[package]]
name = "cexpr"
version = "0.6.0"
source = "registry+https://github.com/rust-lang/crates.io-index"
checksum = "6fac387a98bb7c37292057cffc56d62ecb629900026402633ae9160df93a8766"
dependencies = [
 "nom",
]

[[package]]
name = "cfg-if"
version = "1.0.4"
source = "registry+https://github.com/rust-lang/crates.io-index"
checksum = "9330f8b2ff13f34540b44e946ef35111825727b38d33286ef986142615121801"

[[package]]
name = "clang-sys"
version = "1.8.1"
source = "registry+https://github.com/rust-lang/crates.io-index"
checksum = "0b023947811758c97c59bf9d1c188fd619ad4718dcaa767947df1cadb14f39f4"
dependencies = [
 "glob",
 "libc",
 "libloading",
]

[[package]]
name = "cmake"
version = "0.1.54"
source = "registry+https://github.com/rust-lang/crates.io-index"
checksum = "e7caa3f9de89ddbe2c607f4101924c5abec803763ae9534e4f4d7d8f84aa81f0"
dependencies = [
 "cc",
]

[[package]]
name = "crossbeam-channel"
version = "0.5.15"
source = "registry+https://github.com/rust-lang/crates.io-index"
checksum = "82b8f8f868b36967f9606790d1903570de9ceaf870a7bf9fbbd3016d636a2cb2"
dependencies = [
 "crossbeam-utils",
]

[[package]]
name = "crossbeam-utils"
version = "0.8.21"
source = "registry+https://github.com/rust-lang/crates.io-index"
checksum = "d0a5c400df2834b80a4c3327b3aad3a4c4cd4de0629063962b03235697506a28"

[[package]]
name = "darling"
version = "0.13.4"
source = "registry+https://github.com/rust-lang/crates.io-index"
checksum = "a01d95850c592940db9b8194bc39f4bc0e89dee5c4265e4b1807c34a9aba453c"
dependencies = [
 "darling_core 0.13.4",
 "darling_macro 0.13.4",
]

[[package]]
name = "darling"
version = "0.20.11"
source = "registry+https://github.com/rust-lang/crates.io-index"
checksum = "fc7f46116c46ff9ab3eb1597a45688b6715c6e628b5c133e288e709a29bcb4ee"
dependencies = [
 "darling_core 0.20.11",
 "darling_macro 0.20.11",
]

[[package]]
name = "darling_core"
version = "0.13.4"
source = "registry+https://github.com/rust-lang/crates.io-index"
checksum = "859d65a907b6852c9361e3185c862aae7fafd2887876799fa55f5f99dc40d610"
dependencies = [
 "fnv",
 "ident_case",
 "proc-macro2",
 "quote",
 "strsim 0.10.0",
 "syn 1.0.109",
]

[[package]]
name = "darling_core"
version = "0.20.11"
source = "registry+https://github.com/rust-lang/crates.io-index"
checksum = "0d00b9596d185e565c2207a0b01f8bd1a135483d02d9b7b0a54b11da8d53412e"
dependencies = [
 "fnv",
 "ident_case",
 "proc-macro2",
 "quote",
 "strsim 0.11.1",
 "syn 2.0.111",
]

[[package]]
name = "darling_macro"
version = "0.13.4"
source = "registry+https://github.com/rust-lang/crates.io-index"
checksum = "9c972679f83bdf9c42bd905396b6c3588a843a17f0f16dfcfa3e2c5d57441835"
dependencies = [
 "darling_core 0.13.4",
 "quote",
 "syn 1.0.109",
]

[[package]]
name = "darling_macro"
version = "0.20.11"
source = "registry+https://github.com/rust-lang/crates.io-index"
checksum = "fc34b93ccb385b40dc71c6fceac4b2ad23662c7eeb248cf10d529b7e055b6ead"
dependencies = [
 "darling_core 0.20.11",
 "quote",
 "syn 2.0.111",
]

[[package]]
name = "day01_2019"
version = "0.1.0"

[[package]]
name = "day01_2020"
version = "0.1.0"

[[package]]
name = "day01_2021"
version = "0.1.0"

[[package]]
name = "day01_2022"
version = "0.1.0"

[[package]]
name = "day01_2023"
version = "0.1.0"

[[package]]
name = "day01_2024"
version = "0.1.0"

[[package]]
name = "day01_2025"
version = "0.1.0"

[[package]]
name = "day02_2019"
version = "0.1.0"

[[package]]
name = "day02_2020"
version = "0.1.0"

[[package]]
name = "day02_2021"
version = "0.1.0"

[[package]]
name = "day02_2022"
version = "0.1.0"

[[package]]
name = "day02_2023"
version = "0.1.0"

[[package]]
name = "day02_2024"
version = "0.1.0"

[[package]]
name = "day02_2025"
version = "0.1.0"

[[package]]
name = "day03_2019"
version = "0.1.0"

[[package]]
name = "day03_2020"
version = "0.1.0"

[[package]]
name = "day03_2021"
version = "0.1.0"

[[package]]
name = "day03_2022"
version = "0.1.0"

[[package]]
name = "day03_2023"
version = "0.1.0"

[[package]]
name = "day03_2024"
version = "0.1.0"
dependencies = [
 "regex",
]

[[package]]
name = "day03_2025"
version = "0.1.0"

[[package]]
name = "day04_2019"
version = "0.1.0"

[[package]]
name = "day04_2020"
version = "0.1.0"

[[package]]
name = "day04_2021"
version = "0.1.0"

[[package]]
name = "day04_2022"
version = "0.1.0"

[[package]]
name = "day04_2023"
version = "0.1.0"

[[package]]
name = "day04_2024"
version = "0.1.0"

[[package]]
name = "day04_2025"
version = "0.1.0"

[[package]]
name = "day05_2019"
version = "0.1.0"

[[package]]
name = "day05_2020"
version = "0.1.0"

[[package]]
name = "day05_2021"
version = "0.1.0"

[[package]]
name = "day05_2022"
version = "0.1.0"

[[package]]
name = "day05_2023"
version = "0.1.0"

[[package]]
name = "day05_2024"
version = "0.1.0"

[[package]]
name = "day05_2025"
version = "0.1.0"

[[package]]
name = "day06_2019"
version = "0.1.0"

[[package]]
name = "day06_2020"
version = "0.1.0"

[[package]]
name = "day06_2021"
version = "0.1.0"

[[package]]
name = "day06_2022"
version = "0.1.0"

[[package]]
name = "day06_2023"
version = "0.1.0"

[[package]]
name = "day06_2024"
version = "0.1.0"
dependencies = [
 "hashbrown 0.15.5",
]

[[package]]
name = "day06_2025"
version = "0.1.0"

[[package]]
name = "day07_2019"
version = "0.1.0"
dependencies = [
 "itertools 0.10.5",
]

[[package]]
name = "day07_2020"
version = "0.1.0"
dependencies = [
 "nom",
]

[[package]]
name = "day07_2021"
version = "0.1.0"

[[package]]
name = "day07_2022"
version = "0.1.0"

[[package]]
name = "day07_2023"
version = "0.1.0"

[[package]]
name = "day07_2024"
version = "0.1.0"

[[package]]
name = "day07_2025"
version = "0.1.0"

[[package]]
name = "day08_2019"
version = "0.1.0"
dependencies = [
 "itertools 0.10.5",
]

[[package]]
name = "day08_2020"
version = "0.1.0"

[[package]]
name = "day08_2021"
version = "0.1.0"

[[package]]
name = "day08_2022"
version = "0.1.0"

[[package]]
name = "day08_2023"
version = "0.1.0"
dependencies = [
 "num",
]

[[package]]
name = "day08_2024"
version = "0.1.0"
dependencies = [
 "itertools 0.13.0",
]

[[package]]
name = "day08_2025"
version = "0.1.0"
dependencies = [
 "itertools 0.14.0",
 "union-find",
]

[[package]]
name = "day09_2019"
version = "0.1.0"

[[package]]
name = "day09_2020"
version = "0.1.0"

[[package]]
name = "day09_2021"
version = "0.1.0"

[[package]]
name = "day09_2022"
version = "0.1.0"

[[package]]
name = "day09_2023"
version = "0.1.0"

[[package]]
name = "day09_2024"
version = "0.1.0"

[[package]]
name = "day09_2025"
version = "0.1.0"
dependencies = [
 "itertools 0.14.0",
]

[[package]]
name = "day10_2019"
version = "0.1.0"
dependencies = [
 "num",
]

[[package]]
name = "day10_2020"
version = "0.1.0"

[[package]]
name = "day10_2021"
version = "0.1.0"

[[package]]
name = "day10_2022"
version = "0.1.0"

[[package]]
name = "day10_2023"
version = "0.1.0"

[[package]]
name = "day10_2024"
version = "0.1.0"
dependencies = [
 "itertools 0.13.0",
]

[[package]]
name = "day10_2025"
version = "0.1.0"
dependencies = [
 "good_lp",
]

[[package]]
name = "day11_2019"
version = "0.1.0"

[[package]]
name = "day11_2020"
version = "0.1.0"

[[package]]
name = "day11_2021"
version = "0.1.0"

[[package]]
name = "day11_2022"
version = "0.1.0"
dependencies = [
 "num",
]

[[package]]
name = "day11_2023"
version = "0.1.0"
dependencies = [
 "itertools 0.12.1",
]

[[package]]
name = "day11_2024"
version = "0.1.0"
dependencies = [
 "cached 0.54.0",
]

[[package]]
name = "day11_2025"
version = "0.1.0"

[[package]]
name = "day12_2019"
version = "0.1.0"
dependencies = [
 "num",
]

[[package]]
name = "day12_2020"
version = "0.1.0"

[[package]]
name = "day12_2021"
version = "0.1.0"

[[package]]
name = "day12_2022"
version = "0.1.0"

[[package]]
name = "day12_2023"
version = "0.1.0"

[[package]]
name = "day12_2024"
version = "0.1.0"

[[package]]
name = "day13_2019"
version = "0.1.0"

[[package]]
name = "day13_2020"
version = "0.1.0"

[[package]]
name = "day13_2021"
version = "0.1.0"

[[package]]
name = "day13_2022"
version = "0.1.0"
dependencies = [
 "nom",
]

[[package]]
name = "day13_2023"
version = "0.1.0"

[[package]]
name = "day13_2024"
version = "0.1.0"
dependencies = [
 "nalgebra 0.33.2",
 "scan_fmt",
]

[[package]]
name = "day14_2019"
version = "0.1.0"

[[package]]
name = "day14_2020"
version = "0.1.0"

[[package]]
name = "day14_2021"
version = "0.1.0"

[[package]]
name = "day14_2022"
version = "0.1.0"

[[package]]
name = "day14_2023"
version = "0.1.0"

[[package]]
name = "day14_2024"
version = "0.1.0"
dependencies = [
 "hashbrown 0.15.5",
 "scan_fmt",
]

[[package]]
name = "day15_2019"
version = "0.1.0"

[[package]]
name = "day15_2020"
version = "0.1.0"

[[package]]
name = "day15_2021"
version = "0.1.0"

[[package]]
name = "day15_2022"
version = "0.1.0"

[[package]]
name = "day15_2023"
version = "0.1.0"

[[package]]
name = "day15_2024"
version = "0.1.0"

[[package]]
name = "day16_2019"
version = "0.1.0"

[[package]]
name = "day16_2020"
version = "0.1.0"

[[package]]
name = "day16_2021"
version = "0.1.0"

[[package]]
name = "day16_2022"
version = "0.1.0"
dependencies = [
 "itertools 0.10.5",
]

[[package]]
name = "day16_2023"
version = "0.1.0"
dependencies = [
 "hashbrown 0.14.5",
]

[[package]]
name = "day16_2024"
version = "0.1.0"

[[package]]
name = "day17_2019"
version = "0.1.0"

[[package]]
name = "day17_2020"
version = "0.1.0"

[[package]]
name = "day17_2021"
version = "0.1.0"

[[package]]
name = "day17_2022"
version = "0.1.0"

[[package]]
name = "day17_2023"
version = "0.1.0"
dependencies = [
 "hashbrown 0.14.5",
]

[[package]]
name = "day17_2024"
version = "0.1.0"

[[package]]
name = "day18_2019"
version = "0.1.0"
dependencies = [
 "hashbrown 0.11.2",
]

[[package]]
name = "day18_2021"
version = "0.1.0"
dependencies = [
 "nom",
]

[[package]]
name = "day18_2022"
version = "0.1.0"

[[package]]
name = "day18_2023"
version = "0.1.0"

[[package]]
name = "day18_2024"
version = "0.1.0"

[[package]]
name = "day19_2019"
version = "0.1.0"

[[package]]
name = "day19_2020"
version = "0.1.0"
dependencies = [
 "hashbrown 0.11.2",
]

[[package]]
name = "day19_2021"
version = "0.1.0"
dependencies = [
 "hashbrown 0.11.2",
]

[[package]]
name = "day19_2022"
version = "0.1.0"
dependencies = [
 "scan_fmt",
]

[[package]]
name = "day19_2023"
version = "0.1.0"

[[package]]
name = "day19_2024"
version = "0.1.0"
dependencies = [
 "regex",
]

[[package]]
name = "day20_2019"
version = "0.1.0"

[[package]]
name = "day20_2020"
version = "0.1.0"

[[package]]
name = "day20_2021"
version = "0.1.0"

[[package]]
name = "day20_2022"
version = "0.1.0"

[[package]]
name = "day20_2023"
version = "0.1.0"
dependencies = [
 "num",
]

[[package]]
name = "day20_2024"
version = "0.1.0"

[[package]]
name = "day21_2019"
version = "0.1.0"

[[package]]
name = "day21_2020"
version = "0.1.0"

[[package]]
name = "day21_2021"
version = "0.1.0"
dependencies = [
 "cached 0.26.2",
]

[[package]]
name = "day21_2022"
version = "0.1.0"

[[package]]
name = "day21_2023"
version = "0.1.0"
dependencies = [
 "hashbrown 0.14.5",
]

[[package]]
name = "day21_2024"
version = "0.1.0"
dependencies = [
 "itertools 0.13.0",
]

[[package]]
name = "day22_2019"
version = "0.1.0"
dependencies = [
 "nom",
 "num",
]

[[package]]
name = "day22_2020"
version = "0.1.0"

[[package]]
name = "day22_2021"
version = "0.1.0"
dependencies = [
 "ndarray",
]

[[package]]
name = "day22_2022"
version = "0.1.0"

[[package]]
name = "day22_2023"
version = "0.1.0"

[[package]]
name = "day22_2024"
version = "0.1.0"

[[package]]
name = "day23_2019"
version = "0.1.0"
dependencies = [
 "crossbeam-channel",
]

[[package]]
name = "day23_2020"
version = "0.1.0"

[[package]]
name = "day23_2021"
version = "0.1.0"
dependencies = [
 "hashbrown 0.11.2",
]

[[package]]
name = "day23_2022"
version = "0.1.0"

[[package]]
name = "day23_2023"
version = "0.1.0"

[[package]]
name = "day23_2024"
version = "0.1.0"
dependencies = [
 "hashbrown 0.15.5",
 "itertools 0.13.0",
]

[[package]]
name = "day24_2019"
version = "0.1.0"

[[package]]
name = "day24_2020"
version = "0.1.0"

[[package]]
name = "day24_2021"
version = "0.1.0"
dependencies = [
 "hashbrown 0.11.2",
 "itertools 0.10.5",
]

[[package]]
name = "day24_2022"
version = "0.1.0"

[[package]]
name = "day24_2023"
version = "0.1.0"
dependencies = [
 "itertools 0.12.1",
 "nalgebra 0.32.6",
]

[[package]]
name = "day24_2024"
version = "0.1.0"
dependencies = [
 "itertools 0.13.0",
]

[[package]]
name = "day25_2019"
version = "0.1.0"
dependencies = [
 "itertools 0.10.5",
]

[[package]]
name = "day25_2020"
version = "0.1.0"

[[package]]
name = "day25_2021"
version = "0.1.0"
dependencies = [
 "hashbrown 0.11.2",
]

[[package]]
name = "day25_2022"
version = "0.1.0"

[[package]]
name = "day25_2023"
version = "0.1.0"

[[package]]
name = "day25_2024"
version = "0.1.0"
dependencies = [
 "itertools 0.13.0",
]

[[package]]
name = "either"
version = "1.15.0"
source = "registry+https://github.com/rust-lang/crates.io-index"
checksum = "48c757948c5ede0e46177b7add2e67155f70e33c07fea8284df6576da70b3719"

[[package]]
name = "equivalent"
version = "1.0.2"
source = "registry+https://github.com/rust-lang/crates.io-index"
checksum = "877a4ace8713b0bcf2a4e7eec82529c029f1d0619886d18145fea96c3ffe5c0f"

[[package]]
name = "event-listener"
version = "2.5.3"
source = "registry+https://github.com/rust-lang/crates.io-index"
checksum = "0206175f82b8d6bf6652ff7d71a1e27fd2e4efde587fd368662814d6ec1d9ce0"

[[package]]
name = "find-msvc-tools"
version = "0.1.5"
source = "registry+https://github.com/rust-lang/crates.io-index"
checksum = "3a3076410a55c90011c298b04d0cfa770b00fa04e1e3c97d3f6c9de105a03844"

[[package]]
name = "fnv"
version = "1.0.7"
source = "registry+https://github.com/rust-lang/crates.io-index"
checksum = "3f9eec918d3f24069decb9af1554cad7c880e2da24a9afd88aca000531ab82c1"

[[package]]
name = "foldhash"
version = "0.1.5"
source = "registry+https://github.com/rust-lang/crates.io-index"
checksum = "d9c4f5dac5e15c24eb999c26181a6ca40b39fe946cbe4c263c7209467bc83af2"

[[package]]
name = "futures"
version = "0.3.31"
source = "registry+https://github.com/rust-lang/crates.io-index"
checksum = "65bc07b1a8bc7c85c5f2e110c476c7389b4554ba72af57d8445ea63a576b0876"
dependencies = [
 "futures-channel",
 "futures-core",
 "futures-executor",
 "futures-io",
 "futures-sink",
 "futures-task",
 "futures-util",
]

[[package]]
name = "futures-channel"
version = "0.3.31"
source = "registry+https://github.com/rust-lang/crates.io-index"
checksum = "2dff15bf788c671c1934e366d07e30c1814a8ef514e1af724a602e8a2fbe1b10"
dependencies = [
 "futures-core",
 "futures-sink",
]

[[package]]
name = "futures-core"
version = "0.3.31"
source = "registry+https://github.com/rust-lang/crates.io-index"
checksum = "05f29059c0c2090612e8d742178b0580d2dc940c837851ad723096f87af6663e"

[[package]]
name = "futures-executor"
version = "0.3.31"
source = "registry+https://github.com/rust-lang/crates.io-index"
checksum = "1e28d1d997f585e54aebc3f97d39e72338912123a67330d723fdbb564d646c9f"
dependencies = [
 "futures-core",
 "futures-task",
 "futures-util",
]

[[package]]
name = "futures-io"
version = "0.3.31"
source = "registry+https://github.com/rust-lang/crates.io-index"
checksum = "9e5c1b78ca4aae1ac06c48a526a655760685149f0d465d21f37abfe57ce075c6"

[[package]]
name = "futures-macro"
version = "0.3.31"
source = "registry+https://github.com/rust-lang/crates.io-index"
checksum = "162ee34ebcb7c64a8abebc059ce0fee27c2262618d7b60ed8faf72fef13c3650"
dependencies = [
 "proc-macro2",
 "quote",
 "syn 2.0.111",
]

[[package]]
name = "futures-sink"
version = "0.3.31"
source = "registry+https://github.com/rust-lang/crates.io-index"
checksum = "e575fab7d1e0dcb8d0c7bcf9a63ee213816ab51902e6d244a95819acacf1d4f7"

[[package]]
name = "futures-task"
version = "0.3.31"
source = "registry+https://github.com/rust-lang/crates.io-index"
checksum = "f90f7dce0722e95104fcb095585910c0977252f286e354b5e3bd38902cd99988"

[[package]]
name = "futures-util"
version = "0.3.31"
source = "registry+https://github.com/rust-lang/crates.io-index"
checksum = "9fa08315bb612088cc391249efdc3bc77536f16c91f6cf495e6fbe85b20a4a81"
dependencies = [
 "futures-channel",
 "futures-core",
 "futures-io",
 "futures-macro",
 "futures-sink",
 "futures-task",
 "memchr",
 "pin-project-lite",
 "pin-utils",
 "slab",
]

[[package]]
name = "getrandom"
version = "0.2.16"
source = "registry+https://github.com/rust-lang/crates.io-index"
checksum = "335ff9f135e4384c8150d6f27c6daed433577f86b4750418338c01a1a2528592"
dependencies = [
 "cfg-if",
 "libc",
 "wasi",
]

[[package]]
name = "glob"
version = "0.3.3"
source = "registry+https://github.com/rust-lang/crates.io-index"
checksum = "0cc23270f6e1808e30a928bdc84dea0b9b4136a8bc82338574f23baf47bbd280"

[[package]]
name = "good_lp"
version = "1.14.2"
source = "registry+https://github.com/rust-lang/crates.io-index"
checksum = "776aa1ba88ac058e78408c17f4dbff826a51ae08ed6642f71ca0edd7fe9383f3"
dependencies = [
 "fnv",
 "highs",
]

[[package]]
name = "hashbrown"
version = "0.11.2"
source = "registry+https://github.com/rust-lang/crates.io-index"
checksum = "ab5ef0d4909ef3724cc8cce6ccc8572c5c817592e9285f5464f8e86f8bd3726e"
dependencies = [
 "ahash 0.7.8",
]

[[package]]
name = "hashbrown"
version = "0.14.5"
source = "registry+https://github.com/rust-lang/crates.io-index"
checksum = "e5274423e17b7c9fc20b6e7e208532f9b19825d82dfd615708b70edd83df41f1"
dependencies = [
 "ahash 0.8.12",
 "allocator-api2",
]

[[package]]
name = "hashbrown"
version = "0.15.5"
source = "registry+https://github.com/rust-lang/crates.io-index"
checksum = "9229cfe53dfd69f0609a49f65461bd93001ea1ef889cd5529dd176593f5338a1"
dependencies = [
 "allocator-api2",
 "equivalent",
 "foldhash",
]

[[package]]
name = "highs"
version = "2.0.0"
source = "registry+https://github.com/rust-lang/crates.io-index"
checksum = "c9f739d4b9d063219b2dfa00705d8f2127fcead4d053867a5557c953dc3a4b99"
dependencies = [
 "highs-sys",
 "log",
]

[[package]]
name = "highs-sys"
version = "1.12.1"
source = "registry+https://github.com/rust-lang/crates.io-index"
checksum = "9c51d1e4e682c01dd882d2d0cd89b6725cd5805dd307d290aac0a37be6fe0c58"
dependencies = [
 "bindgen",
 "cmake",
]

[[package]]
name = "ident_case"
version = "1.0.1"
source = "registry+https://github.com/rust-lang/crates.io-index"
checksum = "b9e0384b61958566e926dc50660321d12159025e767c18e043daf26b70104c39"

[[package]]
name = "itertools"
version = "0.10.5"
source = "registry+https://github.com/rust-lang/crates.io-index"
checksum = "b0fd2260e829bddf4cb6ea802289de2f86d6a7a690192fbe91b3f46e0f2c8473"
dependencies = [
 "either",
]

[[package]]
name = "itertools"
version = "0.12.1"
source = "registry+https://github.com/rust-lang/crates.io-index"
checksum = "ba291022dbbd398a455acf126c1e341954079855bc60dfdda641363bd6922569"
dependencies = [
 "either",
]

[[package]]
name = "itertools"
version = "0.13.0"
source = "registry+https://github.com/rust-lang/crates.io-index"
checksum = "413ee7dfc52ee1a4949ceeb7dbc8a33f2d6c088194d9f922fb8318faf1f01186"
dependencies = [
 "either",
]

[[package]]
name = "itertools"
version = "0.14.0"
source = "registry+https://github.com/rust-lang/crates.io-index"
checksum = "2b192c782037fadd9cfa75548310488aabdbf3d2da73885b31bd0abd03351285"
dependencies = [
 "either",
]

[[package]]
name = "js-sys"
version = "0.3.83"
source = "registry+https://github.com/rust-lang/crates.io-index"
checksum = "464a3709c7f55f1f721e5389aa6ea4e3bc6aba669353300af094b29ffbdde1d8"
dependencies = [
 "once_cell",
 "wasm-bindgen",
]

[[package]]
name = "libc"
version = "0.2.178"
source = "registry+https://github.com/rust-lang/crates.io-index"
checksum = "37c93d8daa9d8a012fd8ab92f088405fb202ea0b6ab73ee2482ae66af4f42091"

[[package]]
name = "libloading"
version = "0.8.9"
source = "registry+https://github.com/rust-lang/crates.io-index"
checksum = "d7c4b02199fee7c5d21a5ae7d8cfa79a6ef5bb2fc834d6e9058e89c825efdc55"
dependencies = [
 "cfg-if",
 "windows-link",
]

[[package]]
name = "log"
version = "0.4.29"
source = "registry+https://github.com/rust-lang/crates.io-index"
checksum = "5e5032e24019045c762d3c0f28f5b6b8bbf38563a65908389bf7978758920897"

[[package]]
name = "matrixmultiply"
version = "0.3.10"
source = "registry+https://github.com/rust-lang/crates.io-index"
checksum = "a06de3016e9fae57a36fd14dba131fccf49f74b40b7fbdb472f96e361ec71a08"
dependencies = [
 "autocfg",
 "rawpointer",
]

[[package]]
name = "memchr"
version = "2.7.6"
source = "registry+https://github.com/rust-lang/crates.io-index"
checksum = "f52b00d39961fc5b2736ea853c9cc86238e165017a493d1d5c8eac6bdc4cc273"

[[package]]
name = "minimal-lexical"
version = "0.2.1"
source = "registry+https://github.com/rust-lang/crates.io-index"
checksum = "68354c5c6bd36d73ff3feceb05efa59b6acb7626617f4962be322a825e61f79a"

[[package]]
name = "nalgebra"
version = "0.32.6"
source = "registry+https://github.com/rust-lang/crates.io-index"
checksum = "7b5c17de023a86f59ed79891b2e5d5a94c705dbe904a5b5c9c952ea6221b03e4"
dependencies = [
 "approx",
 "matrixmultiply",
 "nalgebra-macros",
 "num-complex",
 "num-rational",
 "num-traits",
 "simba 0.8.1",
 "typenum",
]

[[package]]
name = "nalgebra"
version = "0.33.2"
source = "registry+https://github.com/rust-lang/crates.io-index"
checksum = "26aecdf64b707efd1310e3544d709c5c0ac61c13756046aaaba41be5c4f66a3b"
dependencies = [
 "approx",
 "matrixmultiply",
 "nalgebra-macros",
 "num-complex",
 "num-rational",
 "num-traits",
 "simba 0.9.1",
 "typenum",
]

[[package]]
name = "nalgebra-macros"
version = "0.2.2"
source = "registry+https://github.com/rust-lang/crates.io-index"
checksum = "254a5372af8fc138e36684761d3c0cdb758a4410e938babcff1c860ce14ddbfc"
dependencies = [
 "proc-macro2",
 "quote",
 "syn 2.0.111",
]

[[package]]
name = "ndarray"
version = "0.15.6"
source = "registry+https://github.com/rust-lang/crates.io-index"
checksum = "adb12d4e967ec485a5f71c6311fe28158e9d6f4bc4a447b474184d0f91a8fa32"
dependencies = [
 "matrixmultiply",
 "num-complex",
 "num-integer",
 "num-traits",
 "rawpointer",
]

[[package]]
name = "nom"
version = "7.1.3"
source = "registry+https://github.com/rust-lang/crates.io-index"
checksum = "d273983c5a657a70a3e8f2a01329822f3b8c8172b73826411a55751e404a0a4a"
dependencies = [
 "memchr",
 "minimal-lexical",
]

[[package]]
name = "num"
version = "0.4.3"
source = "registry+https://github.com/rust-lang/crates.io-index"
checksum = "35bd024e8b2ff75562e5f34e7f4905839deb4b22955ef5e73d2fea1b9813cb23"
dependencies = [
 "num-bigint",
 "num-complex",
 "num-integer",
 "num-iter",
 "num-rational",
 "num-traits",
]

[[package]]
name = "num-bigint"
version = "0.4.6"
source = "registry+https://github.com/rust-lang/crates.io-index"
checksum = "a5e44f723f1133c9deac646763579fdb3ac745e418f2a7af9cd0c431da1f20b9"
dependencies = [
 "num-integer",
 "num-traits",
]

[[package]]
name = "num-complex"
version = "0.4.6"
source = "registry+https://github.com/rust-lang/crates.io-index"
checksum = "73f88a1307638156682bada9d7604135552957b7818057dcef22705b4d509495"
dependencies = [
 "num-traits",
]

[[package]]
name = "num-integer"
version = "0.1.46"
source = "registry+https://github.com/rust-lang/crates.io-index"
checksum = "7969661fd2958a5cb096e56c8e1ad0444ac2bbcd0061bd28660485a44879858f"
dependencies = [
 "num-traits",
]

[[package]]
name = "num-iter"
version = "0.1.45"
source = "registry+https://github.com/rust-lang/crates.io-index"
checksum = "1429034a0490724d0075ebb2bc9e875d6503c3cf69e235a8941aa757d83ef5bf"
dependencies = [
 "autocfg",
 "num-integer",
 "num-traits",
]

[[package]]
name = "num-rational"
version = "0.4.2"
source = "registry+https://github.com/rust-lang/crates.io-index"
checksum = "f83d14da390562dca69fc84082e73e548e1ad308d24accdedd2720017cb37824"
dependencies = [
 "num-bigint",
 "num-integer",
 "num-traits",
]

[[package]]
name = "num-traits"
version = "0.2.19"
source = "registry+https://github.com/rust-lang/crates.io-index"
checksum = "071dfc062690e90b734c0b2273ce72ad0ffa95f0c74596bc250dcfd960262841"
dependencies = [
 "autocfg",
]

[[package]]
name = "once_cell"
version = "1.21.3"
source = "registry+https://github.com/rust-lang/crates.io-index"
checksum = "42f5e15c9953c5e4ccceeb2e7382a716482c34515315f7b03532b8b4e8393d2d"

[[package]]
name = "paste"
version = "1.0.15"
source = "registry+https://github.com/rust-lang/crates.io-index"
checksum = "57c0d7b74b563b49d38dae00a0c37d4d6de9b432382b2892f0574ddcae73fd0a"

[[package]]
name = "pin-project-lite"
version = "0.2.16"
source = "registry+https://github.com/rust-lang/crates.io-index"
checksum = "3b3cff922bd51709b605d9ead9aa71031d81447142d828eb4a6eba76fe619f9b"

[[package]]
name = "pin-utils"
version = "0.1.0"
source = "registry+https://github.com/rust-lang/crates.io-index"
checksum = "8b870d8c151b6f2fb93e84a13146138f05d02ed11c7e7c54f8826aaaf7c9f184"

[[package]]
name = "prettyplease"
version = "0.2.37"
source = "registry+https://github.com/rust-lang/crates.io-index"
checksum = "479ca8adacdd7ce8f1fb39ce9ecccbfe93a3f1344b3d0d97f20bc0196208f62b"
dependencies = [
 "proc-macro2",
 "syn 2.0.111",
]

[[package]]
name = "proc-macro2"
version = "1.0.103"
source = "registry+https://github.com/rust-lang/crates.io-index"
checksum = "5ee95bc4ef87b8d5ba32e8b7714ccc834865276eab0aed5c9958d00ec45f49e8"
dependencies = [
 "unicode-ident",
]

[[package]]
name = "quote"
version = "1.0.42"
source = "registry+https://github.com/rust-lang/crates.io-index"
checksum = "a338cc41d27e6cc6dce6cefc13a0729dfbb81c262b1f519331575dd80ef3067f"
dependencies = [
 "proc-macro2",
]

[[package]]
name = "rawpointer"
version = "0.2.1"
source = "registry+https://github.com/rust-lang/crates.io-index"
checksum = "60a357793950651c4ed0f3f52338f53b2f809f32d83a07f72909fa13e4c6c1e3"

[[package]]
name = "regex"
version = "1.12.2"
source = "registry+https://github.com/rust-lang/crates.io-index"
checksum = "843bc0191f75f3e22651ae5f1e72939ab2f72a4bc30fa80a066bd66edefc24d4"
dependencies = [
 "aho-corasick",
 "memchr",
 "regex-automata",
 "regex-syntax",
]

[[package]]
name = "regex-automata"
version = "0.4.13"
source = "registry+https://github.com/rust-lang/crates.io-index"
checksum = "5276caf25ac86c8d810222b3dbb938e512c55c6831a10f3e6ed1c93b84041f1c"
dependencies = [
 "aho-corasick",
 "memchr",
 "regex-syntax",
]

[[package]]
name = "regex-syntax"
version = "0.8.8"
source = "registry+https://github.com/rust-lang/crates.io-index"
checksum = "7a2d987857b319362043e95f5353c0535c1f58eec5336fdfcf626430af7def58"

[[package]]
name = "rustc-hash"
version = "2.1.1"
source = "registry+https://github.com/rust-lang/crates.io-index"
checksum = "357703d41365b4b27c590e3ed91eabb1b663f07c4c084095e60cbed4362dff0d"

[[package]]
name = "rustversion"
version = "1.0.22"
source = "registry+https://github.com/rust-lang/crates.io-index"
checksum = "b39cdef0fa800fc44525c84ccb54a029961a8215f9619753635a9c0d2538d46d"

[[package]]
name = "safe_arch"
version = "0.7.4"
source = "registry+https://github.com/rust-lang/crates.io-index"
checksum = "96b02de82ddbe1b636e6170c21be622223aea188ef2e139be0a5b219ec215323"
dependencies = [
 "bytemuck",
]

[[package]]
name = "scan_fmt"
version = "0.2.6"
source = "registry+https://github.com/rust-lang/crates.io-index"
checksum = "0b53b0a5db882a8e2fdaae0a43f7b39e7e9082389e978398bdf223a55b581248"
dependencies = [
 "regex",
]

[[package]]
name = "shlex"
version = "1.3.0"
source = "registry+https://github.com/rust-lang/crates.io-index"
checksum = "0fda2ff0d084019ba4d7c6f371c95d8fd75ce3524c3cb8fb653a3023f6323e64"

[[package]]
name = "simba"
version = "0.8.1"
source = "registry+https://github.com/rust-lang/crates.io-index"
checksum = "061507c94fc6ab4ba1c9a0305018408e312e17c041eb63bef8aa726fa33aceae"
dependencies = [
 "approx",
 "num-complex",
 "num-traits",
 "paste",
 "wide",
]

[[package]]
name = "simba"
version = "0.9.1"
source = "registry+https://github.com/rust-lang/crates.io-index"
checksum = "c99284beb21666094ba2b75bbceda012e610f5479dfcc2d6e2426f53197ffd95"
dependencies = [
 "approx",
 "num-complex",
 "num-traits",
 "paste",
 "wide",
]

[[package]]
name = "slab"
version = "0.4.11"
source = "registry+https://github.com/rust-lang/crates.io-index"
checksum = "7a2ae44ef20feb57a68b23d846850f861394c2e02dc425a50098ae8c90267589"

[[package]]
name = "strsim"
version = "0.10.0"
source = "registry+https://github.com/rust-lang/crates.io-index"
checksum = "73473c0e59e6d5812c5dfe2a064a6444949f089e20eec9a2e5506596494e4623"

[[package]]
name = "strsim"
version = "0.11.1"
source = "registry+https://github.com/rust-lang/crates.io-index"
checksum = "7da8b5736845d9f2fcb837ea5d9e2628564b3b043a70948a3f0b778838c5fb4f"

[[package]]
name = "syn"
version = "1.0.109"
source = "registry+https://github.com/rust-lang/crates.io-index"
checksum = "72b64191b275b66ffe2469e8af2c1cfe3bafa67b529ead792a6d0160888b4237"
dependencies = [
 "proc-macro2",
 "quote",
 "unicode-ident",
]

[[package]]
name = "syn"
version = "2.0.111"
source = "registry+https://github.com/rust-lang/crates.io-index"
checksum = "390cc9a294ab71bdb1aa2e99d13be9c753cd2d7bd6560c77118597410c4d2e87"
dependencies = [
 "proc-macro2",
 "quote",
 "unicode-ident",
]

[[package]]
name = "thiserror"
version = "1.0.69"
source = "registry+https://github.com/rust-lang/crates.io-index"
checksum = "b6aaf5339b578ea85b50e080feb250a3e8ae8cfcdff9a461c9ec2904bc923f52"
dependencies = [
 "thiserror-impl",
]

[[package]]
name = "thiserror-impl"
version = "1.0.69"
source = "registry+https://github.com/rust-lang/crates.io-index"
checksum = "4fee6c4efc90059e10f81e6d42c60a18f76588c3d74cb83a0b242a2b6c7504c1"
dependencies = [
 "proc-macro2",
 "quote",
 "syn 2.0.111",
]

[[package]]
name = "typenum"
version = "1.19.0"
source = "registry+https://github.com/rust-lang/crates.io-index"
checksum = "562d481066bde0658276a35467c4af00bdc6ee726305698a55b86e61d7ad82bb"

[[package]]
name = "unicode-ident"
version = "1.0.22"
source = "registry+https://github.com/rust-lang/crates.io-index"
checksum = "9312f7c4f6ff9069b165498234ce8be658059c6728633667c526e27dc2cf1df5"

[[package]]
name = "union-find"
version = "0.4.3"
source = "registry+https://github.com/rust-lang/crates.io-index"
checksum = "039142448432983c34b64739f8526f8f233a1eec7a66e61b6ab29acfa781194e"

[[package]]
name = "version_check"
version = "0.9.5"
source = "registry+https://github.com/rust-lang/crates.io-index"
checksum = "0b928f33d975fc6ad9f86c8f283853ad26bdd5b10b7f1542aa2fa15e2289105a"

[[package]]
name = "wasi"
version = "0.11.1+wasi-snapshot-preview1"
source = "registry+https://github.com/rust-lang/crates.io-index"
checksum = "ccf3ec651a847eb01de73ccad15eb7d99f80485de043efb2f370cd654f4ea44b"

[[package]]
name = "wasm-bindgen"
version = "0.2.106"
source = "registry+https://github.com/rust-lang/crates.io-index"
checksum = "0d759f433fa64a2d763d1340820e46e111a7a5ab75f993d1852d70b03dbb80fd"
dependencies = [
 "cfg-if",
 "once_cell",
 "rustversion",
 "wasm-bindgen-macro",
 "wasm-bindgen-shared",
]

[[package]]
name = "wasm-bindgen-macro"
version = "0.2.106"
source = "registry+https://github.com/rust-lang/crates.io-index"
checksum = "48cb0d2638f8baedbc542ed444afc0644a29166f1595371af4fecf8ce1e7eeb3"
dependencies = [
 "quote",
 "wasm-bindgen-macro-support",
]

[[package]]
name = "wasm-bindgen-macro-support"
version = "0.2.106"
source = "registry+https://github.com/rust-lang/crates.io-index"
checksum = "cefb59d5cd5f92d9dcf80e4683949f15ca4b511f4ac0a6e14d4e1ac60c6ecd40"
dependencies = [
 "bumpalo",
 "proc-macro2",
 "quote",
 "syn 2.0.111",
 "wasm-bindgen-shared",
]

[[package]]
name = "wasm-bindgen-shared"
version = "0.2.106"
source = "registry+https://github.com/rust-lang/crates.io-index"
checksum = "cbc538057e648b67f72a982e708d485b2efa771e1ac05fec311f9f63e5800db4"
dependencies = [
 "unicode-ident",
]

[[package]]
name = "web-time"
version = "1.1.0"
source = "registry+https://github.com/rust-lang/crates.io-index"
checksum = "5a6580f308b1fad9207618087a65c04e7a10bc77e02c8e84e9b00dd4b12fa0bb"
dependencies = [
 "js-sys",
 "wasm-bindgen",
]

[[package]]
name = "wide"
version = "0.7.33"
source = "registry+https://github.com/rust-lang/crates.io-index"
checksum = "0ce5da8ecb62bcd8ec8b7ea19f69a51275e91299be594ea5cc6ef7819e16cd03"
dependencies = [
 "bytemuck",
 "safe_arch",
]

[[package]]
name = "windows-link"
version = "0.2.1"
source = "registry+https://github.com/rust-lang/crates.io-index"
checksum = "f0805222e57f7521d6a62e36fa9163bc891acd422f971defe97d64e70d0a4fe5"

[[package]]
name = "zerocopy"
version = "0.8.31"
source = "registry+https://github.com/rust-lang/crates.io-index"
checksum = "fd74ec98b9250adb3ca554bdde269adf631549f51d8a8f8f0a10b50f1cb298c3"
dependencies = [
 "zerocopy-derive",
]

[[package]]
name = "zerocopy-derive"
version = "0.8.31"
source = "registry+https://github.com/rust-lang/crates.io-index"
checksum = "d8a8d209fdf45cf5138cbb5a506f6b52522a25afccc534d1475dad8e31105c6a"
dependencies = [
 "proc-macro2",
 "quote",
 "syn 2.0.111",
]
