# This file was autogenerated by Stack.
# You should not edit this file by hand.
# For more information, please see the documentation at:
#   https://docs.haskellstack.org/en/stable/lock_files

packages:
- completed:
    hackage: uu-tc-2015.1.1@sha256:c41c7e3e07e169c82b0467a301fcda2002ea76903d779a7d18e62b68dde0e4cb,2090
    pantry-tree:
      size: 1050
      sha256: 3615ef96107554f410753c5f26ed6bf78ed15a62bbef93908eccfac1c0dc8658
  original:
    hackage: uu-tc-2015.1.1
snapshots:
- completed:
    size: 586296
    url: https://raw.githubusercontent.com/commercialhaskell/stackage-snapshots/master/lts/18/18.yaml
    sha256: 63539429076b7ebbab6daa7656cfb079393bf644971156dc349d7c0453694ac2
  original:
    url: https://raw.githubusercontent.com/commercialhaskell/stackage-snapshots/master/lts/18/18.yaml
